
Microsoft Visual Studio Solution File, Format Version 12.00
# Visual Studio 14
VisualStudioVersion = 14.0.25420.1
MinimumVisualStudioVersion = 10.0.40219.1
Project("{FAE04EC0-301F-11D3-BF4B-00C04F79EFBC}") = "ASPLab3", "ASPLab3\ASPLab3.csproj", "{3D384A37-19AF-4291-8D1B-81A2CD16F084}"
EndProject
Global
	GlobalSection(SolutionConfigurationPlatforms) = preSolution
		Debug|Any CPU = Debug|Any CPU
		Release|Any CPU = Release|Any CPU
	EndGlobalSection
	GlobalSection(ProjectConfigurationPlatforms) = postSolution
		{3D384A37-19AF-4291-8D1B-81A2CD16F084}.Debug|Any CPU.ActiveCfg = Debug|Any CPU
		{3D384A37-19AF-4291-8D1B-81A2CD16F084}.Debug|Any CPU.Build.0 = Debug|Any CPU
		{3D384A37-19AF-4291-8D1B-81A2CD16F084}.Release|Any CPU.ActiveCfg = Release|Any CPU
		{3D384A37-19AF-4291-8D1B-81A2CD16F084}.Release|Any CPU.Build.0 = Release|Any CPU
	EndGlobalSection
	GlobalSection(SolutionProperties) = preSolution
		HideSolutionNode = FALSE
	EndGlobalSection
EndGlobal
